
Microsoft Visual Studio Solution File, Format Version 12.00
# Visual Studio 15
Project("{FAE04EC0-301F-11D3-BF4B-00C04F79EFBC}") = "GamesStoreAPI", "GamesStoreAPI\GamesStoreAPI.csproj", "{D87A11B5-D5F7-44A8-8C27-87E73BC789D8}"
EndProject
Project("{2150E333-8FDC-42A3-9474-1A3956D46DE8}") = "1. Presentation", "1. Presentation", "{DDB849C5-4DC9-48FE-8ABC-860F491D5FC2}"
EndProject
Project("{2150E333-8FDC-42A3-9474-1A3956D46DE8}") = "2. BusinessLogic", "2. BusinessLogic", "{073E1FB6-C03A-4537-AB27-248C0A73EB98}"
EndProject
Project("{2150E333-8FDC-42A3-9474-1A3956D46DE8}") = "3. DataAccess", "3. DataAccess", "{5A4C49EC-D219-4399-9AF3-69D6FB6487E0}"
EndProject
Project("{2150E333-8FDC-42A3-9474-1A3956D46DE8}") = "4. CrossCutting", "4. CrossCutting", "{E9A19A6D-EFBE-4358-97D0-FD5F2B7D6283}"
EndProject
Project("{2150E333-8FDC-42A3-9474-1A3956D46DE8}") = "5. Tests", "5. Tests", "{E0472F8E-DECF-47A5-9947-E9234322CA1F}"
EndProject
Project("{FAE04EC0-301F-11D3-BF4B-00C04F79EFBC}") = "GamesStoreAPI.BusinessLogic", "GamesStoreAPI.BusinessLogic\GamesStoreAPI.BusinessLogic.csproj", "{8F520E46-D816-4844-9A37-67528AF2A795}"
EndProject
Project("{FAE04EC0-301F-11D3-BF4B-00C04F79EFBC}") = "GamesStoreAPI.Data", "GamesStoreAPI.Data\GamesStoreAPI.Data.csproj", "{6C333522-681D-4277-916E-AE9CC9A6ABC8}"
EndProject
Project("{FAE04EC0-301F-11D3-BF4B-00C04F79EFBC}") = "GamesStoreAPI.Entities", "GamesStoreAPI.Entities\GamesStoreAPI.Entities.csproj", "{2BB9FFE4-8DB1-4937-BE6B-4B538136D69B}"
EndProject
Project("{FAE04EC0-301F-11D3-BF4B-00C04F79EFBC}") = "GamesStoreAPI.Utils", "GamesStoreAPI.Entities\GamesStoreAPI.Utils\GamesStoreAPI.Utils.csproj", "{E90FBFE6-F82C-4493-A83B-AAB3F060D985}"
EndProject
Global
	GlobalSection(SolutionConfigurationPlatforms) = preSolution
		Debug|Any CPU = Debug|Any CPU
		Release|Any CPU = Release|Any CPU
	EndGlobalSection
	GlobalSection(ProjectConfigurationPlatforms) = postSolution
		{D87A11B5-D5F7-44A8-8C27-87E73BC789D8}.Debug|Any CPU.ActiveCfg = Debug|Any CPU
		{D87A11B5-D5F7-44A8-8C27-87E73BC789D8}.Debug|Any CPU.Build.0 = Debug|Any CPU
		{D87A11B5-D5F7-44A8-8C27-87E73BC789D8}.Release|Any CPU.ActiveCfg = Release|Any CPU
		{D87A11B5-D5F7-44A8-8C27-87E73BC789D8}.Release|Any CPU.Build.0 = Release|Any CPU
		{8F520E46-D816-4844-9A37-67528AF2A795}.Debug|Any CPU.ActiveCfg = Debug|Any CPU
		{8F520E46-D816-4844-9A37-67528AF2A795}.Debug|Any CPU.Build.0 = Debug|Any CPU
		{8F520E46-D816-4844-9A37-67528AF2A795}.Release|Any CPU.ActiveCfg = Release|Any CPU
		{8F520E46-D816-4844-9A37-67528AF2A795}.Release|Any CPU.Build.0 = Release|Any CPU
		{6C333522-681D-4277-916E-AE9CC9A6ABC8}.Debug|Any CPU.ActiveCfg = Debug|Any CPU
		{6C333522-681D-4277-916E-AE9CC9A6ABC8}.Debug|Any CPU.Build.0 = Debug|Any CPU
		{6C333522-681D-4277-916E-AE9CC9A6ABC8}.Release|Any CPU.ActiveCfg = Release|Any CPU
		{6C333522-681D-4277-916E-AE9CC9A6ABC8}.Release|Any CPU.Build.0 = Release|Any CPU
		{2BB9FFE4-8DB1-4937-BE6B-4B538136D69B}.Debug|Any CPU.ActiveCfg = Debug|Any CPU
		{2BB9FFE4-8DB1-4937-BE6B-4B538136D69B}.Debug|Any CPU.Build.0 = Debug|Any CPU
		{2BB9FFE4-8DB1-4937-BE6B-4B538136D69B}.Release|Any CPU.ActiveCfg = Release|Any CPU
		{2BB9FFE4-8DB1-4937-BE6B-4B538136D69B}.Release|Any CPU.Build.0 = Release|Any CPU
		{E90FBFE6-F82C-4493-A83B-AAB3F060D985}.Debug|Any CPU.ActiveCfg = Debug|Any CPU
		{E90FBFE6-F82C-4493-A83B-AAB3F060D985}.Debug|Any CPU.Build.0 = Debug|Any CPU
		{E90FBFE6-F82C-4493-A83B-AAB3F060D985}.Release|Any CPU.ActiveCfg = Release|Any CPU
		{E90FBFE6-F82C-4493-A83B-AAB3F060D985}.Release|Any CPU.Build.0 = Release|Any CPU
	EndGlobalSection
	GlobalSection(NestedProjects) = preSolution
		{D87A11B5-D5F7-44A8-8C27-87E73BC789D8} = {DDB849C5-4DC9-48FE-8ABC-860F491D5FC2}
		{8F520E46-D816-4844-9A37-67528AF2A795} = {073E1FB6-C03A-4537-AB27-248C0A73EB98}
		{6C333522-681D-4277-916E-AE9CC9A6ABC8} = {5A4C49EC-D219-4399-9AF3-69D6FB6487E0}
		{2BB9FFE4-8DB1-4937-BE6B-4B538136D69B} = {E9A19A6D-EFBE-4358-97D0-FD5F2B7D6283}
		{E90FBFE6-F82C-4493-A83B-AAB3F060D985} = {E9A19A6D-EFBE-4358-97D0-FD5F2B7D6283}
	EndGlobalSection
EndGlobal
